# This file is automatically @generated by Cargo.
# It is not intended for manual editing.
version = 3

[[package]]
name = "aho-corasick"
version = "1.0.2"
source = "registry+https://github.com/rust-lang/crates.io-index"
checksum = "43f6cb1bf222025340178f382c426f13757b2960e89779dfcb319c32542a5a41"
dependencies = [
 "memchr",
]

[[package]]
name = "anyhow"
version = "1.0.71"
source = "registry+https://github.com/rust-lang/crates.io-index"
checksum = "9c7d0618f0e0b7e8ff11427422b64564d5fb0be1940354bfe2e0529b18a9d9b8"

[[package]]
name = "cfg-if"
version = "1.0.0"
source = "registry+https://github.com/rust-lang/crates.io-index"
checksum = "baf1de4339761588bc0619e3cbc0120ee582ebb74b53b4efbf79117bd2da40fd"

[[package]]
name = "csv"
version = "1.2.2"
source = "registry+https://github.com/rust-lang/crates.io-index"
checksum = "626ae34994d3d8d668f4269922248239db4ae42d538b14c398b74a52208e8086"
dependencies = [
 "csv-core",
 "itoa",
 "ryu",
 "serde",
]

[[package]]
name = "csv-core"
version = "0.1.10"
source = "registry+https://github.com/rust-lang/crates.io-index"
checksum = "2b2466559f260f48ad25fe6317b3c8dac77b5bdb5763ac7d9d6103530663bc90"
dependencies = [
 "memchr",
]

[[package]]
name = "dataio"
version = "0.1.0"

[[package]]
name = "getrandom"
version = "0.2.10"
source = "registry+https://github.com/rust-lang/crates.io-index"
checksum = "be4136b2a15dd319360be1c07d9933517ccf0be8f16bf62a3bee4f0d618df427"
dependencies = [
 "cfg-if",
 "libc",
 "wasi",
]

[[package]]
name = "interpreter"
version = "0.1.0"
dependencies = [
 "lazy_static",
 "operator",
 "regex",
 "serde_json",
 "sophia_api",
 "sophia_inmem",
 "sophia_term",
 "sophia_turtle",
 "uuid",
 "vocab",
]

[[package]]
name = "itoa"
version = "1.0.6"
source = "registry+https://github.com/rust-lang/crates.io-index"
checksum = "453ad9f582a441959e5f0d088b02ce04cfe8d51a8eaf077f12ac6d3e94164ca6"

[[package]]
name = "lazy_static"
version = "1.4.0"
source = "registry+https://github.com/rust-lang/crates.io-index"
checksum = "e2abad23fbc42b3700f2f279844dc832adb2b2eb069b2df918f455c4e18cc646"

[[package]]
name = "libc"
version = "0.2.147"
source = "registry+https://github.com/rust-lang/crates.io-index"
checksum = "b4668fb0ea861c1df094127ac5f1da3409a82116a4ba74fca2e58ef927159bb3"

[[package]]
name = "meamer-rs"
version = "0.1.0"
dependencies = [
 "anyhow",
 "csv",
 "interpreter",
 "lazy_static",
 "operator",
 "regex",
 "urlencoding",
]

[[package]]
name = "memchr"
version = "2.5.0"
source = "registry+https://github.com/rust-lang/crates.io-index"
checksum = "2dffe52ecf27772e601905b7522cb4ef790d2cc203488bbd0e2fe85fcb74566d"

[[package]]
name = "mownstr"
version = "0.1.3"
source = "registry+https://github.com/rust-lang/crates.io-index"
checksum = "76aacdf8f9850a9db34e33e35abfc17a29b9577d0eb2cbfaeb734662cacca5b3"

[[package]]
name = "operator"
version = "0.1.0"
dependencies = [
 "serde",
 "serde_json",
]

[[package]]
name = "oxilangtag"
version = "0.1.3"
source = "registry+https://github.com/rust-lang/crates.io-index"
checksum = "8d91edf4fbb970279443471345a4e8c491bf05bb283b3e6c88e4e606fd8c181b"

[[package]]
name = "oxiri"
version = "0.2.2"
source = "registry+https://github.com/rust-lang/crates.io-index"
checksum = "bb175ec8981211357b7b379869c2f8d555881c55ea62311428ec0de46d89bd5c"

[[package]]
name = "proc-macro2"
version = "1.0.63"
source = "registry+https://github.com/rust-lang/crates.io-index"
checksum = "7b368fba921b0dce7e60f5e04ec15e565b3303972b42bcfde1d0713b881959eb"
dependencies = [
 "unicode-ident",
]

[[package]]
name = "quote"
version = "1.0.28"
source = "registry+https://github.com/rust-lang/crates.io-index"
checksum = "1b9ab9c7eadfd8df19006f1cf1a4aed13540ed5cbc047010ece5826e10825488"
dependencies = [
 "proc-macro2",
]

[[package]]
name = "regex"
version = "1.8.4"
source = "registry+https://github.com/rust-lang/crates.io-index"
checksum = "d0ab3ca65655bb1e41f2a8c8cd662eb4fb035e67c3f78da1d61dffe89d07300f"
dependencies = [
 "aho-corasick",
 "memchr",
 "regex-syntax",
]

[[package]]
name = "regex-syntax"
version = "0.7.2"
source = "registry+https://github.com/rust-lang/crates.io-index"
checksum = "436b050e76ed2903236f032a59761c1eb99e1b0aead2c257922771dab1fc8c78"

[[package]]
name = "resiter"
version = "0.4.0"
source = "registry+https://github.com/rust-lang/crates.io-index"
checksum = "bd69ab1e90258b7769f0b5c46bfd802b8206d0707ced4ca4b9d5681b744de1be"

[[package]]
name = "rio_api"
version = "0.6.2"
source = "registry+https://github.com/rust-lang/crates.io-index"
checksum = "6ed96d73ad4e0de59e667b26c899930c90912cad3fec5f0291fc3171c90dacae"

[[package]]
name = "rio_turtle"
version = "0.6.2"
source = "registry+https://github.com/rust-lang/crates.io-index"
checksum = "1945ea5cf5f489bd2cbafeb705686abdc94edfa9dd88a63a25e8c5c0d38f9cc2"
dependencies = [
 "oxilangtag",
 "oxiri",
 "rio_api",
]

[[package]]
name = "ryu"
version = "1.0.13"
source = "registry+https://github.com/rust-lang/crates.io-index"
checksum = "f91339c0467de62360649f8d3e185ca8de4224ff281f66000de5eb2a77a79041"

[[package]]
name = "serde"
version = "1.0.164"
source = "registry+https://github.com/rust-lang/crates.io-index"
checksum = "9e8c8cf938e98f769bc164923b06dce91cea1751522f46f8466461af04c9027d"
dependencies = [
 "serde_derive",
]

[[package]]
name = "serde_derive"
version = "1.0.164"
source = "registry+https://github.com/rust-lang/crates.io-index"
checksum = "d9735b638ccc51c28bf6914d90a2e9725b377144fc612c49a611fddd1b631d68"
dependencies = [
 "proc-macro2",
 "quote",
 "syn",
]

[[package]]
name = "serde_json"
version = "1.0.99"
source = "registry+https://github.com/rust-lang/crates.io-index"
checksum = "46266871c240a00b8f503b877622fe33430b3c7d963bdc0f2adc511e54a1eae3"
dependencies = [
 "itoa",
 "ryu",
 "serde",
]

[[package]]
name = "sophia_api"
version = "0.7.2"
source = "registry+https://github.com/rust-lang/crates.io-index"
checksum = "aad03aad8253bd0f7c5423da4a1aaf4b18e5856b40e8841063ba5226cebc5efb"
dependencies = [
 "lazy_static",
 "mownstr",
 "regex",
 "resiter",
 "sophia_iri",
 "thiserror",
]

[[package]]
name = "sophia_indexed"
version = "0.7.2"
source = "registry+https://github.com/rust-lang/crates.io-index"
checksum = "f8385acd3ff5e36a22fe4f6d308a10a66b87bbb437bcab096c1d88d522b05ece"
dependencies = [
 "sophia_api",
 "sophia_term",
]

[[package]]
name = "sophia_inmem"
version = "0.7.2"
source = "registry+https://github.com/rust-lang/crates.io-index"
checksum = "28f09086332b823c4d8fa2365987cf881f1c6a9b139991db78c09729a5a3442c"
dependencies = [
 "sophia_api",
 "sophia_indexed",
 "sophia_term",
]

[[package]]
name = "sophia_iri"
version = "0.7.2"
source = "registry+https://github.com/rust-lang/crates.io-index"
checksum = "ecf2b1953a03e53c8cbfb029646be5b75c7e3a83cde8ef16ffe185c471093437"
dependencies = [
 "lazy_static",
 "mownstr",
 "regex",
 "thiserror",
]

[[package]]
name = "sophia_rio"
version = "0.7.2"
source = "registry+https://github.com/rust-lang/crates.io-index"
checksum = "fbdcd2f32812619d11e0c531ce35f6d2704fa354dec97ca4072872744d042311"
dependencies = [
 "rio_api",
 "sophia_api",
]

[[package]]
name = "sophia_term"
version = "0.7.2"
source = "registry+https://github.com/rust-lang/crates.io-index"
checksum = "9d21426110f6c45ba6f6a0f5354b4d201cc42a00d2550f7c7ca26e6d6ba89490"
dependencies = [
 "lazy_static",
 "mownstr",
 "oxilangtag",
 "regex",
 "sophia_api",
 "sophia_iri",
 "thiserror",
 "weak-table",
]

[[package]]
name = "sophia_turtle"
version = "0.7.2"
source = "registry+https://github.com/rust-lang/crates.io-index"
checksum = "d31f4522a1fb3a49144c20f3cce6a00e1d6c33b5552c0338311868cbb62c7f5d"
dependencies = [
 "lazy_static",
 "oxiri",
 "regex",
 "rio_api",
 "rio_turtle",
 "sophia_api",
 "sophia_indexed",
 "sophia_inmem",
 "sophia_iri",
 "sophia_rio",
 "sophia_term",
 "thiserror",
]

[[package]]
name = "syn"
version = "2.0.22"
source = "registry+https://github.com/rust-lang/crates.io-index"
checksum = "2efbeae7acf4eabd6bcdcbd11c92f45231ddda7539edc7806bd1a04a03b24616"
dependencies = [
 "proc-macro2",
 "quote",
 "unicode-ident",
]

[[package]]
name = "thiserror"
version = "1.0.40"
source = "registry+https://github.com/rust-lang/crates.io-index"
checksum = "978c9a314bd8dc99be594bc3c175faaa9794be04a5a5e153caba6915336cebac"
dependencies = [
 "thiserror-impl",
]

[[package]]
name = "thiserror-impl"
version = "1.0.40"
source = "registry+https://github.com/rust-lang/crates.io-index"
checksum = "f9456a42c5b0d803c8cd86e73dd7cc9edd429499f37a3550d286d5e86720569f"
dependencies = [
 "proc-macro2",
 "quote",
 "syn",
]

[[package]]
name = "unicode-ident"
version = "1.0.9"
source = "registry+https://github.com/rust-lang/crates.io-index"
checksum = "b15811caf2415fb889178633e7724bad2509101cde276048e013b9def5e51fa0"

[[package]]
name = "urlencoding"
version = "2.1.2"
source = "registry+https://github.com/rust-lang/crates.io-index"
checksum = "e8db7427f936968176eaa7cdf81b7f98b980b18495ec28f1b5791ac3bfe3eea9"

[[package]]
name = "uuid"
version = "1.3.4"
source = "registry+https://github.com/rust-lang/crates.io-index"
checksum = "0fa2982af2eec27de306107c027578ff7f423d65f7250e40ce0fea8f45248b81"
dependencies = [
 "getrandom",
]

[[package]]
name = "vocab"
version = "0.1.0"

[[package]]
name = "wasi"
version = "0.11.0+wasi-snapshot-preview1"
source = "registry+https://github.com/rust-lang/crates.io-index"
checksum = "9c8d87e72b64a3b4db28d11ce29237c246188f4f51057d65a7eab63b7987e423"

[[package]]
name = "weak-table"
version = "0.3.2"
source = "registry+https://github.com/rust-lang/crates.io-index"
checksum = "323f4da9523e9a669e1eaf9c6e763892769b1d38c623913647bfdc1532fe4549"
